
Microsoft Visual Studio Solution File, Format Version 12.00
# Visual Studio Version 17
VisualStudioVersion = 17.4.33403.182
MinimumVisualStudioVersion = 10.0.40219.1
Project("{FAE04EC0-301F-11D3-BF4B-00C04F79EFBC}") = "AM.UI.Console", "AM.UI.Console\AM.UI.Console.csproj", "{0376719B-AAC8-49A5-B6E4-584ABAFB9B9D}"
EndProject
Project("{FAE04EC0-301F-11D3-BF4B-00C04F79EFBC}") = "AM.Core.Domain", "AM.Core.Domain\AM.Core.Domain.csproj", "{0EEF31EC-4DB1-4DBE-923F-9FA0A2A51FA0}"
EndProject
Project("{FAE04EC0-301F-11D3-BF4B-00C04F79EFBC}") = "AM.Core.Services", "AM.Core.Services\AM.Core.Services.csproj", "{0E48EE58-175A-4178-A193-98D46F6B1B86}"
EndProject
Project("{FAE04EC0-301F-11D3-BF4B-00C04F79EFBC}") = "AM.Core.Extensions", "AM.Core.Extensions\AM.Core.Extensions.csproj", "{2EB990C8-A322-4DE7-9DCA-254CCBC54464}"
EndProject
Project("{FAE04EC0-301F-11D3-BF4B-00C04F79EFBC}") = "AM.Data", "AM.Data\AM.Data.csproj", "{78AD1591-C4A8-4722-B30D-D5CF506B0338}"
EndProject
Global
	GlobalSection(SolutionConfigurationPlatforms) = preSolution
		Debug|Any CPU = Debug|Any CPU
		Release|Any CPU = Release|Any CPU
	EndGlobalSection
	GlobalSection(ProjectConfigurationPlatforms) = postSolution
		{0376719B-AAC8-49A5-B6E4-584ABAFB9B9D}.Debug|Any CPU.ActiveCfg = Debug|Any CPU
		{0376719B-AAC8-49A5-B6E4-584ABAFB9B9D}.Debug|Any CPU.Build.0 = Debug|Any CPU
		{0376719B-AAC8-49A5-B6E4-584ABAFB9B9D}.Release|Any CPU.ActiveCfg = Release|Any CPU
		{0376719B-AAC8-49A5-B6E4-584ABAFB9B9D}.Release|Any CPU.Build.0 = Release|Any CPU
		{0EEF31EC-4DB1-4DBE-923F-9FA0A2A51FA0}.Debug|Any CPU.ActiveCfg = Debug|Any CPU
		{0EEF31EC-4DB1-4DBE-923F-9FA0A2A51FA0}.Debug|Any CPU.Build.0 = Debug|Any CPU
		{0EEF31EC-4DB1-4DBE-923F-9FA0A2A51FA0}.Release|Any CPU.ActiveCfg = Release|Any CPU
		{0EEF31EC-4DB1-4DBE-923F-9FA0A2A51FA0}.Release|Any CPU.Build.0 = Release|Any CPU
		{0E48EE58-175A-4178-A193-98D46F6B1B86}.Debug|Any CPU.ActiveCfg = Debug|Any CPU
		{0E48EE58-175A-4178-A193-98D46F6B1B86}.Debug|Any CPU.Build.0 = Debug|Any CPU
		{0E48EE58-175A-4178-A193-98D46F6B1B86}.Release|Any CPU.ActiveCfg = Release|Any CPU
		{0E48EE58-175A-4178-A193-98D46F6B1B86}.Release|Any CPU.Build.0 = Release|Any CPU
		{2EB990C8-A322-4DE7-9DCA-254CCBC54464}.Debug|Any CPU.ActiveCfg = Debug|Any CPU
		{2EB990C8-A322-4DE7-9DCA-254CCBC54464}.Debug|Any CPU.Build.0 = Debug|Any CPU
		{2EB990C8-A322-4DE7-9DCA-254CCBC54464}.Release|Any CPU.ActiveCfg = Release|Any CPU
		{2EB990C8-A322-4DE7-9DCA-254CCBC54464}.Release|Any CPU.Build.0 = Release|Any CPU
		{78AD1591-C4A8-4722-B30D-D5CF506B0338}.Debug|Any CPU.ActiveCfg = Debug|Any CPU
		{78AD1591-C4A8-4722-B30D-D5CF506B0338}.Debug|Any CPU.Build.0 = Debug|Any CPU
		{78AD1591-C4A8-4722-B30D-D5CF506B0338}.Release|Any CPU.ActiveCfg = Release|Any CPU
		{78AD1591-C4A8-4722-B30D-D5CF506B0338}.Release|Any CPU.Build.0 = Release|Any CPU
	EndGlobalSection
	GlobalSection(SolutionProperties) = preSolution
		HideSolutionNode = FALSE
	EndGlobalSection
	GlobalSection(ExtensibilityGlobals) = postSolution
		SolutionGuid = {6BD4114C-1F24-46BB-8A7B-D90EF5B71BF9}
	EndGlobalSection
EndGlobal
